
Microsoft Visual Studio Solution File, Format Version 12.00
# Visual Studio Version 17
VisualStudioVersion = 17.0.32014.148
MinimumVisualStudioVersion = 10.0.40219.1
Project("{9A19103F-16F7-4668-BE54-9A1E7A4F7556}") = "MatchMakingServer", "MatchMakingServer\MatchMakingServer.csproj", "{D88D6DA4-C52E-4FD3-9DA7-34EFA38B7055}"
EndProject
Project("{FAE04EC0-301F-11D3-BF4B-00C04F79EFBC}") = "PlayTimePackets", "PlayTimePackets\PlayTimePackets.csproj", "{830B2061-E4AF-4765-B73A-5319A0236284}"
EndProject
Project("{9A19103F-16F7-4668-BE54-9A1E7A4F7556}") = "LobbyServer", "LobbyServer\LobbyServer.csproj", "{67156F4B-6981-4A00-B64E-A3149C0C3A32}"
EndProject
Project("{FAE04EC0-301F-11D3-BF4B-00C04F79EFBC}") = "GameServer", "GameServer\GameServer.csproj", "{1C4D9A7E-2CCD-4FD8-91C9-A0FEA4F5EFC4}"
	ProjectSection(ProjectDependencies) = postProject
		{31D9D989-3552-446D-9D12-2040FFAFF269} = {31D9D989-3552-446D-9D12-2040FFAFF269}
	EndProjectSection
EndProject
Project("{FAE04EC0-301F-11D3-BF4B-00C04F79EFBC}") = "GamePackets", "GamePackets\GamePackets.csproj", "{31D9D989-3552-446D-9D12-2040FFAFF269}"
EndProject
Global
	GlobalSection(SolutionConfigurationPlatforms) = preSolution
		Debug|Any CPU = Debug|Any CPU
		Release|Any CPU = Release|Any CPU
	EndGlobalSection
	GlobalSection(ProjectConfigurationPlatforms) = postSolution
		{D88D6DA4-C52E-4FD3-9DA7-34EFA38B7055}.Debug|Any CPU.ActiveCfg = Debug|Any CPU
		{D88D6DA4-C52E-4FD3-9DA7-34EFA38B7055}.Debug|Any CPU.Build.0 = Debug|Any CPU
		{D88D6DA4-C52E-4FD3-9DA7-34EFA38B7055}.Release|Any CPU.ActiveCfg = Release|Any CPU
		{D88D6DA4-C52E-4FD3-9DA7-34EFA38B7055}.Release|Any CPU.Build.0 = Release|Any CPU
		{830B2061-E4AF-4765-B73A-5319A0236284}.Debug|Any CPU.ActiveCfg = Debug|Any CPU
		{830B2061-E4AF-4765-B73A-5319A0236284}.Debug|Any CPU.Build.0 = Debug|Any CPU
		{830B2061-E4AF-4765-B73A-5319A0236284}.Release|Any CPU.ActiveCfg = Release|Any CPU
		{830B2061-E4AF-4765-B73A-5319A0236284}.Release|Any CPU.Build.0 = Release|Any CPU
		{67156F4B-6981-4A00-B64E-A3149C0C3A32}.Debug|Any CPU.ActiveCfg = Debug|Any CPU
		{67156F4B-6981-4A00-B64E-A3149C0C3A32}.Debug|Any CPU.Build.0 = Debug|Any CPU
		{67156F4B-6981-4A00-B64E-A3149C0C3A32}.Release|Any CPU.ActiveCfg = Release|Any CPU
		{67156F4B-6981-4A00-B64E-A3149C0C3A32}.Release|Any CPU.Build.0 = Release|Any CPU
		{1C4D9A7E-2CCD-4FD8-91C9-A0FEA4F5EFC4}.Debug|Any CPU.ActiveCfg = Debug|Any CPU
		{1C4D9A7E-2CCD-4FD8-91C9-A0FEA4F5EFC4}.Debug|Any CPU.Build.0 = Debug|Any CPU
		{1C4D9A7E-2CCD-4FD8-91C9-A0FEA4F5EFC4}.Release|Any CPU.ActiveCfg = Release|Any CPU
		{1C4D9A7E-2CCD-4FD8-91C9-A0FEA4F5EFC4}.Release|Any CPU.Build.0 = Release|Any CPU
		{31D9D989-3552-446D-9D12-2040FFAFF269}.Debug|Any CPU.ActiveCfg = Debug|Any CPU
		{31D9D989-3552-446D-9D12-2040FFAFF269}.Debug|Any CPU.Build.0 = Debug|Any CPU
		{31D9D989-3552-446D-9D12-2040FFAFF269}.Release|Any CPU.ActiveCfg = Release|Any CPU
		{31D9D989-3552-446D-9D12-2040FFAFF269}.Release|Any CPU.Build.0 = Release|Any CPU
	EndGlobalSection
	GlobalSection(SolutionProperties) = preSolution
		HideSolutionNode = FALSE
	EndGlobalSection
	GlobalSection(ExtensibilityGlobals) = postSolution
		SolutionGuid = {AC99671A-ABCA-48DD-B6FA-D5A62B0B9BA0}
	EndGlobalSection
EndGlobal
